
Microsoft Visual Studio Solution File, Format Version 12.00
# Visual Studio Version 16
VisualStudioVersion = 16.0.31624.102
MinimumVisualStudioVersion = 10.0.40219.1
Project("{FAE04EC0-301F-11D3-BF4B-00C04F79EFBC}") = "Kalkulator", "Kalkulator\Kalkulator.csproj", "{C5922D54-4CC8-479C-81A6-F0F86FFE7A22}"
EndProject
Global
	GlobalSection(SolutionConfigurationPlatforms) = preSolution
		Debug|Any CPU = Debug|Any CPU
		Release|Any CPU = Release|Any CPU
	EndGlobalSection
	GlobalSection(ProjectConfigurationPlatforms) = postSolution
		{C5922D54-4CC8-479C-81A6-F0F86FFE7A22}.Debug|Any CPU.ActiveCfg = Debug|Any CPU
		{C5922D54-4CC8-479C-81A6-F0F86FFE7A22}.Debug|Any CPU.Build.0 = Debug|Any CPU
		{C5922D54-4CC8-479C-81A6-F0F86FFE7A22}.Release|Any CPU.ActiveCfg = Release|Any CPU
		{C5922D54-4CC8-479C-81A6-F0F86FFE7A22}.Release|Any CPU.Build.0 = Release|Any CPU
	EndGlobalSection
	GlobalSection(SolutionProperties) = preSolution
		HideSolutionNode = FALSE
	EndGlobalSection
	GlobalSection(ExtensibilityGlobals) = postSolution
		SolutionGuid = {CEF526C5-F45A-49A8-A578-591E400AD5AD}
	EndGlobalSection
EndGlobal
